// !$*UTF8*$!
{
	archiveVersion = 1;
	classes = {
	};
	objectVersion = 56;
	objects = {

/* Begin PBXBuildFile section */
		825273162BEB16C5005A951C /* ShufflagApp.swift in Sources */ = {isa = PBXBuildFile; fileRef = 825273152BEB16C5005A951C /* ShufflagApp.swift */; };
		825273182BEB16C5005A951C /* FlagView.swift in Sources */ = {isa = PBXBuildFile; fileRef = 825273172BEB16C5005A951C /* FlagView.swift */; };
		8252731A2BEB16CA005A951C /* Assets.xcassets in Resources */ = {isa = PBXBuildFile; fileRef = 825273192BEB16CA005A951C /* Assets.xcassets */; };
		8252731E2BEB16CA005A951C /* Preview Assets.xcassets in Resources */ = {isa = PBXBuildFile; fileRef = 8252731D2BEB16CA005A951C /* Preview Assets.xcassets */; };
		827A642A2BF0398B0061C09E /* EuropaView.swift in Sources */ = {isa = PBXBuildFile; fileRef = 827A64292BF0398B0061C09E /* EuropaView.swift */; };
		827A642C2BF03D6B0061C09E /* AfricaView.swift in Sources */ = {isa = PBXBuildFile; fileRef = 827A642B2BF03D6B0061C09E /* AfricaView.swift */; };
		827A642E2BF04A860061C09E /* AmericaView.swift in Sources */ = {isa = PBXBuildFile; fileRef = 827A642D2BF04A860061C09E /* AmericaView.swift */; };
		827A64302BF04B080061C09E /* AsiaView.swift in Sources */ = {isa = PBXBuildFile; fileRef = 827A642F2BF04B080061C09E /* AsiaView.swift */; };
		827A64322BF04B7E0061C09E /* OceaniaView.swift in Sources */ = {isa = PBXBuildFile; fileRef = 827A64312BF04B7E0061C09E /* OceaniaView.swift */; };
		82C7F32E2C00234600993386 /* Flags.swift in Sources */ = {isa = PBXBuildFile; fileRef = 82C7F32D2C00234600993386 /* Flags.swift */; };
		82C88B412BF59F780014B2B4 /* FlagViewModel.swift in Sources */ = {isa = PBXBuildFile; fileRef = 82C88B402BF59F780014B2B4 /* FlagViewModel.swift */; };
		82C88B472BF5ADC40014B2B4 /* AfricaViewModel.swift in Sources */ = {isa = PBXBuildFile; fileRef = 82C88B462BF5ADC40014B2B4 /* AfricaViewModel.swift */; };
		82C88B492BF5AEC50014B2B4 /* AmericaViewModel.swift in Sources */ = {isa = PBXBuildFile; fileRef = 82C88B482BF5AEC50014B2B4 /* AmericaViewModel.swift */; };
		82C88B4B2BF5AF480014B2B4 /* AsiaViewModel.swift in Sources */ = {isa = PBXBuildFile; fileRef = 82C88B4A2BF5AF480014B2B4 /* AsiaViewModel.swift */; };
		82C88B4F2BF5AFEE0014B2B4 /* EuropaViewModel.swift in Sources */ = {isa = PBXBuildFile; fileRef = 82C88B4E2BF5AFEE0014B2B4 /* EuropaViewModel.swift */; };
		82C88B552BF5B0DA0014B2B4 /* OceaniaViewModel.swift in Sources */ = {isa = PBXBuildFile; fileRef = 82C88B542BF5B0DA0014B2B4 /* OceaniaViewModel.swift */; };
/* End PBXBuildFile section */

/* Begin PBXFileReference section */
		825273122BEB16C5005A951C /* Shufflag.app */ = {isa = PBXFileReference; explicitFileType = wrapper.application; includeInIndex = 0; path = Shufflag.app; sourceTree = BUILT_PRODUCTS_DIR; };
		825273152BEB16C5005A951C /* ShufflagApp.swift */ = {isa = PBXFileReference; lastKnownFileType = sourcecode.swift; path = ShufflagApp.swift; sourceTree = "<group>"; };
		825273172BEB16C5005A951C /* FlagView.swift */ = {isa = PBXFileReference; lastKnownFileType = sourcecode.swift; path = FlagView.swift; sourceTree = "<group>"; };
		825273192BEB16CA005A951C /* Assets.xcassets */ = {isa = PBXFileReference; lastKnownFileType = folder.assetcatalog; path = Assets.xcassets; sourceTree = "<group>"; };
		8252731B2BEB16CA005A951C /* Shufflag.entitlements */ = {isa = PBXFileReference; lastKnownFileType = text.plist.entitlements; path = Shufflag.entitlements; sourceTree = "<group>"; };
		8252731D2BEB16CA005A951C /* Preview Assets.xcassets */ = {isa = PBXFileReference; lastKnownFileType = folder.assetcatalog; path = "Preview Assets.xcassets"; sourceTree = "<group>"; };
		827A64292BF0398B0061C09E /* EuropaView.swift */ = {isa = PBXFileReference; lastKnownFileType = sourcecode.swift; path = EuropaView.swift; sourceTree = "<group>"; };
		827A642B2BF03D6B0061C09E /* AfricaView.swift */ = {isa = PBXFileReference; lastKnownFileType = sourcecode.swift; path = AfricaView.swift; sourceTree = "<group>"; };
		827A642D2BF04A860061C09E /* AmericaView.swift */ = {isa = PBXFileReference; lastKnownFileType = sourcecode.swift; path = AmericaView.swift; sourceTree = "<group>"; };
		827A642F2BF04B080061C09E /* AsiaView.swift */ = {isa = PBXFileReference; lastKnownFileType = sourcecode.swift; path = AsiaView.swift; sourceTree = "<group>"; };
		827A64312BF04B7E0061C09E /* OceaniaView.swift */ = {isa = PBXFileReference; lastKnownFileType = sourcecode.swift; path = OceaniaView.swift; sourceTree = "<group>"; };
		82C7F32D2C00234600993386 /* Flags.swift */ = {isa = PBXFileReference; lastKnownFileType = sourcecode.swift; path = Flags.swift; sourceTree = "<group>"; };
		82C88B402BF59F780014B2B4 /* FlagViewModel.swift */ = {isa = PBXFileReference; lastKnownFileType = sourcecode.swift; path = FlagViewModel.swift; sourceTree = "<group>"; };
		82C88B462BF5ADC40014B2B4 /* AfricaViewModel.swift */ = {isa = PBXFileReference; lastKnownFileType = sourcecode.swift; path = AfricaViewModel.swift; sourceTree = "<group>"; };
		82C88B482BF5AEC50014B2B4 /* AmericaViewModel.swift */ = {isa = PBXFileReference; lastKnownFileType = sourcecode.swift; path = AmericaViewModel.swift; sourceTree = "<group>"; };
		82C88B4A2BF5AF480014B2B4 /* AsiaViewModel.swift */ = {isa = PBXFileReference; lastKnownFileType = sourcecode.swift; path = AsiaViewModel.swift; sourceTree = "<group>"; };
		82C88B4E2BF5AFEE0014B2B4 /* EuropaViewModel.swift */ = {isa = PBXFileReference; lastKnownFileType = sourcecode.swift; path = EuropaViewModel.swift; sourceTree = "<group>"; };
		82C88B542BF5B0DA0014B2B4 /* OceaniaViewModel.swift */ = {isa = PBXFileReference; lastKnownFileType = sourcecode.swift; path = OceaniaViewModel.swift; sourceTree = "<group>"; };
/* End PBXFileReference section */

/* Begin PBXFrameworksBuildPhase section */
		8252730F2BEB16C5005A951C /* Frameworks */ = {
			isa = PBXFrameworksBuildPhase;
			buildActionMask = 2147483647;
			files = (
			);
			runOnlyForDeploymentPostprocessing = 0;
		};
/* End PBXFrameworksBuildPhase section */

/* Begin PBXGroup section */
		825273092BEB16C5005A951C = {
			isa = PBXGroup;
			children = (
				82C88B352BF59E2B0014B2B4 /* View */,
				82C88B432BF5A00F0014B2B4 /* Model */,
				82C88B452BF5A08E0014B2B4 /* Resources */,
				825273142BEB16C5005A951C /* Shufflag */,
				825273132BEB16C5005A951C /* Products */,
			);
			sourceTree = "<group>";
		};
		825273132BEB16C5005A951C /* Products */ = {
			isa = PBXGroup;
			children = (
				825273122BEB16C5005A951C /* Shufflag.app */,
			);
			name = Products;
			sourceTree = "<group>";
		};
		825273142BEB16C5005A951C /* Shufflag */ = {
			isa = PBXGroup;
			children = (
				825273152BEB16C5005A951C /* ShufflagApp.swift */,
				8252731B2BEB16CA005A951C /* Shufflag.entitlements */,
				825273192BEB16CA005A951C /* Assets.xcassets */,
				8252731C2BEB16CA005A951C /* Preview Content */,
			);
			path = Shufflag;
			sourceTree = "<group>";
		};
		8252731C2BEB16CA005A951C /* Preview Content */ = {
			isa = PBXGroup;
			children = (
				8252731D2BEB16CA005A951C /* Preview Assets.xcassets */,
			);
			path = "Preview Content";
			sourceTree = "<group>";
		};
		82C88B352BF59E2B0014B2B4 /* View */ = {
			isa = PBXGroup;
			children = (
				82C88B442BF5A0430014B2B4 /* Shared */,
				82C88B3F2BF59F2C0014B2B4 /* Screens */,
			);
			path = View;
			sourceTree = "<group>";
		};
		82C88B362BF59F2C0014B2B4 /* Africa */ = {
			isa = PBXGroup;
			children = (
				827A642B2BF03D6B0061C09E /* AfricaView.swift */,
				82C88B462BF5ADC40014B2B4 /* AfricaViewModel.swift */,
			);
			path = Africa;
			sourceTree = "<group>";
		};
		82C88B372BF59F2C0014B2B4 /* America */ = {
			isa = PBXGroup;
			children = (
				827A642D2BF04A860061C09E /* AmericaView.swift */,
				82C88B482BF5AEC50014B2B4 /* AmericaViewModel.swift */,
			);
			path = America;
			sourceTree = "<group>";
		};
		82C88B382BF59F2C0014B2B4 /* Asia */ = {
			isa = PBXGroup;
			children = (
				827A642F2BF04B080061C09E /* AsiaView.swift */,
				82C88B4A2BF5AF480014B2B4 /* AsiaViewModel.swift */,
			);
			path = Asia;
			sourceTree = "<group>";
		};
		82C88B3A2BF59F2C0014B2B4 /* Europa */ = {
			isa = PBXGroup;
			children = (
				827A64292BF0398B0061C09E /* EuropaView.swift */,
				82C88B4E2BF5AFEE0014B2B4 /* EuropaViewModel.swift */,
			);
			path = Europa;
			sourceTree = "<group>";
		};
		82C88B3C2BF59F2C0014B2B4 /* Home */ = {
			isa = PBXGroup;
			children = (
				825273172BEB16C5005A951C /* FlagView.swift */,
				82C88B402BF59F780014B2B4 /* FlagViewModel.swift */,
			);
			path = Home;
			sourceTree = "<group>";
		};
		82C88B3E2BF59F2C0014B2B4 /* Oceania */ = {
			isa = PBXGroup;
			children = (
				827A64312BF04B7E0061C09E /* OceaniaView.swift */,
				82C88B542BF5B0DA0014B2B4 /* OceaniaViewModel.swift */,
			);
			path = Oceania;
			sourceTree = "<group>";
		};
		82C88B3F2BF59F2C0014B2B4 /* Screens */ = {
			isa = PBXGroup;
			children = (
				82C88B3C2BF59F2C0014B2B4 /* Home */,
				82C88B362BF59F2C0014B2B4 /* Africa */,
				82C88B372BF59F2C0014B2B4 /* America */,
				82C88B382BF59F2C0014B2B4 /* Asia */,
				82C88B3A2BF59F2C0014B2B4 /* Europa */,
				82C88B3E2BF59F2C0014B2B4 /* Oceania */,
			);
			path = Screens;
			sourceTree = "<group>";
		};
		82C88B432BF5A00F0014B2B4 /* Model */ = {
			isa = PBXGroup;
			children = (
				82C7F32D2C00234600993386 /* Flags.swift */,
			);
			path = Model;
			sourceTree = "<group>";
		};
		82C88B442BF5A0430014B2B4 /* Shared */ = {
			isa = PBXGroup;
			children = (
			);
			path = Shared;
			sourceTree = "<group>";
		};
		82C88B452BF5A08E0014B2B4 /* Resources */ = {
			isa = PBXGroup;
			children = (
			);
			path = Resources;
			sourceTree = "<group>";
		};
/* End PBXGroup section */

/* Begin PBXNativeTarget section */
		825273112BEB16C5005A951C /* Shufflag */ = {
			isa = PBXNativeTarget;
			buildConfigurationList = 825273212BEB16CA005A951C /* Build configuration list for PBXNativeTarget "Shufflag" */;
			buildPhases = (
				8252730E2BEB16C5005A951C /* Sources */,
				8252730F2BEB16C5005A951C /* Frameworks */,
				825273102BEB16C5005A951C /* Resources */,
			);
			buildRules = (
			);
			dependencies = (
			);
			name = Shufflag;
			productName = Shufflag;
			productReference = 825273122BEB16C5005A951C /* Shufflag.app */;
			productType = "com.apple.product-type.application";
		};
/* End PBXNativeTarget section */

/* Begin PBXProject section */
		8252730A2BEB16C5005A951C /* Project object */ = {
			isa = PBXProject;
			attributes = {
				BuildIndependentTargetsInParallel = 1;
				LastSwiftUpdateCheck = 1530;
				LastUpgradeCheck = 1530;
				TargetAttributes = {
					825273112BEB16C5005A951C = {
						CreatedOnToolsVersion = 15.3;
					};
				};
			};
			buildConfigurationList = 8252730D2BEB16C5005A951C /* Build configuration list for PBXProject "Shufflag" */;
			compatibilityVersion = "Xcode 14.0";
			developmentRegion = en;
			hasScannedForEncodings = 0;
			knownRegions = (
				en,
				Base,
			);
			mainGroup = 825273092BEB16C5005A951C;
			productRefGroup = 825273132BEB16C5005A951C /* Products */;
			projectDirPath = "";
			projectRoot = "";
			targets = (
				825273112BEB16C5005A951C /* Shufflag */,
			);
		};
/* End PBXProject section */

/* Begin PBXResourcesBuildPhase section */
		825273102BEB16C5005A951C /* Resources */ = {
			isa = PBXResourcesBuildPhase;
			buildActionMask = 2147483647;
			files = (
				8252731E2BEB16CA005A951C /* Preview Assets.xcassets in Resources */,
				8252731A2BEB16CA005A951C /* Assets.xcassets in Resources */,
			);
			runOnlyForDeploymentPostprocessing = 0;
		};
/* End PBXResourcesBuildPhase section */

/* Begin PBXSourcesBuildPhase section */
		8252730E2BEB16C5005A951C /* Sources */ = {
			isa = PBXSourcesBuildPhase;
			buildActionMask = 2147483647;
			files = (
				82C88B552BF5B0DA0014B2B4 /* OceaniaViewModel.swift in Sources */,
				82C88B412BF59F780014B2B4 /* FlagViewModel.swift in Sources */,
				827A64302BF04B080061C09E /* AsiaView.swift in Sources */,
				82C88B4B2BF5AF480014B2B4 /* AsiaViewModel.swift in Sources */,
				82C7F32E2C00234600993386 /* Flags.swift in Sources */,
				82C88B492BF5AEC50014B2B4 /* AmericaViewModel.swift in Sources */,
				82C88B472BF5ADC40014B2B4 /* AfricaViewModel.swift in Sources */,
				82C88B4F2BF5AFEE0014B2B4 /* EuropaViewModel.swift in Sources */,
				825273182BEB16C5005A951C /* FlagView.swift in Sources */,
				827A642C2BF03D6B0061C09E /* AfricaView.swift in Sources */,
				827A642E2BF04A860061C09E /* AmericaView.swift in Sources */,
				827A642A2BF0398B0061C09E /* EuropaView.swift in Sources */,
				825273162BEB16C5005A951C /* ShufflagApp.swift in Sources */,
				827A64322BF04B7E0061C09E /* OceaniaView.swift in Sources */,
			);
			runOnlyForDeploymentPostprocessing = 0;
		};
/* End PBXSourcesBuildPhase section */

/* Begin XCBuildConfiguration section */
		8252731F2BEB16CA005A951C /* Debug */ = {
			isa = XCBuildConfiguration;
			buildSettings = {
				ALWAYS_SEARCH_USER_PATHS = NO;
				ASSETCATALOG_COMPILER_GENERATE_SWIFT_ASSET_SYMBOL_EXTENSIONS = YES;
				CLANG_ANALYZER_NONNULL = YES;
				CLANG_ANALYZER_NUMBER_OBJECT_CONVERSION = YES_AGGRESSIVE;
				CLANG_CXX_LANGUAGE_STANDARD = "gnu++20";
				CLANG_ENABLE_MODULES = YES;
				CLANG_ENABLE_OBJC_ARC = YES;
				CLANG_ENABLE_OBJC_WEAK = YES;
				CLANG_WARN_BLOCK_CAPTURE_AUTORELEASING = YES;
				CLANG_WARN_BOOL_CONVERSION = YES;
				CLANG_WARN_COMMA = YES;
				CLANG_WARN_CONSTANT_CONVERSION = YES;
				CLANG_WARN_DEPRECATED_OBJC_IMPLEMENTATIONS = YES;
				CLANG_WARN_DIRECT_OBJC_ISA_USAGE = YES_ERROR;
				CLANG_WARN_DOCUMENTATION_COMMENTS = YES;
				CLANG_WARN_EMPTY_BODY = YES;
				CLANG_WARN_ENUM_CONVERSION = YES;
				CLANG_WARN_INFINITE_RECURSION = YES;
				CLANG_WARN_INT_CONVERSION = YES;
				CLANG_WARN_NON_LITERAL_NULL_CONVERSION = YES;
				CLANG_WARN_OBJC_IMPLICIT_RETAIN_SELF = YES;
				CLANG_WARN_OBJC_LITERAL_CONVERSION = YES;
				CLANG_WARN_OBJC_ROOT_CLASS = YES_ERROR;
				CLANG_WARN_QUOTED_INCLUDE_IN_FRAMEWORK_HEADER = YES;
				CLANG_WARN_RANGE_LOOP_ANALYSIS = YES;
				CLANG_WARN_STRICT_PROTOTYPES = YES;
				CLANG_WARN_SUSPICIOUS_MOVE = YES;
				CLANG_WARN_UNGUARDED_AVAILABILITY = YES_AGGRESSIVE;
				CLANG_WARN_UNREACHABLE_CODE = YES;
				CLANG_WARN__DUPLICATE_METHOD_MATCH = YES;
				COPY_PHASE_STRIP = NO;
				DEBUG_INFORMATION_FORMAT = dwarf;
				ENABLE_STRICT_OBJC_MSGSEND = YES;
				ENABLE_TESTABILITY = YES;
				ENABLE_USER_SCRIPT_SANDBOXING = YES;
				GCC_C_LANGUAGE_STANDARD = gnu17;
				GCC_DYNAMIC_NO_PIC = NO;
				GCC_NO_COMMON_BLOCKS = YES;
				GCC_OPTIMIZATION_LEVEL = 0;
				GCC_PREPROCESSOR_DEFINITIONS = (
					"DEBUG=1",
					"$(inherited)",
				);
				GCC_WARN_64_TO_32_BIT_CONVERSION = YES;
				GCC_WARN_ABOUT_RETURN_TYPE = YES_ERROR;
				GCC_WARN_UNDECLARED_SELECTOR = YES;
				GCC_WARN_UNINITIALIZED_AUTOS = YES_AGGRESSIVE;
				GCC_WARN_UNUSED_FUNCTION = YES;
				GCC_WARN_UNUSED_VARIABLE = YES;
				LOCALIZATION_PREFERS_STRING_CATALOGS = YES;
				MTL_ENABLE_DEBUG_INFO = INCLUDE_SOURCE;
				MTL_FAST_MATH = YES;
				ONLY_ACTIVE_ARCH = YES;
				SWIFT_ACTIVE_COMPILATION_CONDITIONS = "DEBUG $(inherited)";
				SWIFT_OPTIMIZATION_LEVEL = "-Onone";
			};
			name = Debug;
		};
		825273202BEB16CA005A951C /* Release */ = {
			isa = XCBuildConfiguration;
			buildSettings = {
				ALWAYS_SEARCH_USER_PATHS = NO;
				ASSETCATALOG_COMPILER_GENERATE_SWIFT_ASSET_SYMBOL_EXTENSIONS = YES;
				CLANG_ANALYZER_NONNULL = YES;
				CLANG_ANALYZER_NUMBER_OBJECT_CONVERSION = YES_AGGRESSIVE;
				CLANG_CXX_LANGUAGE_STANDARD = "gnu++20";
				CLANG_ENABLE_MODULES = YES;
				CLANG_ENABLE_OBJC_ARC = YES;
				CLANG_ENABLE_OBJC_WEAK = YES;
				CLANG_WARN_BLOCK_CAPTURE_AUTORELEASING = YES;
				CLANG_WARN_BOOL_CONVERSION = YES;
				CLANG_WARN_COMMA = YES;
				CLANG_WARN_CONSTANT_CONVERSION = YES;
				CLANG_WARN_DEPRECATED_OBJC_IMPLEMENTATIONS = YES;
				CLANG_WARN_DIRECT_OBJC_ISA_USAGE = YES_ERROR;
				CLANG_WARN_DOCUMENTATION_COMMENTS = YES;
				CLANG_WARN_EMPTY_BODY = YES;
				CLANG_WARN_ENUM_CONVERSION = YES;
				CLANG_WARN_INFINITE_RECURSION = YES;
				CLANG_WARN_INT_CONVERSION = YES;
				CLANG_WARN_NON_LITERAL_NULL_CONVERSION = YES;
				CLANG_WARN_OBJC_IMPLICIT_RETAIN_SELF = YES;
				CLANG_WARN_OBJC_LITERAL_CONVERSION = YES;
				CLANG_WARN_OBJC_ROOT_CLASS = YES_ERROR;
				CLANG_WARN_QUOTED_INCLUDE_IN_FRAMEWORK_HEADER = YES;
				CLANG_WARN_RANGE_LOOP_ANALYSIS = YES;
				CLANG_WARN_STRICT_PROTOTYPES = YES;
				CLANG_WARN_SUSPICIOUS_MOVE = YES;
				CLANG_WARN_UNGUARDED_AVAILABILITY = YES_AGGRESSIVE;
				CLANG_WARN_UNREACHABLE_CODE = YES;
				CLANG_WARN__DUPLICATE_METHOD_MATCH = YES;
				COPY_PHASE_STRIP = NO;
				DEBUG_INFORMATION_FORMAT = "dwarf-with-dsym";
				ENABLE_NS_ASSERTIONS = NO;
				ENABLE_STRICT_OBJC_MSGSEND = YES;
				ENABLE_USER_SCRIPT_SANDBOXING = YES;
				GCC_C_LANGUAGE_STANDARD = gnu17;
				GCC_NO_COMMON_BLOCKS = YES;
				GCC_WARN_64_TO_32_BIT_CONVERSION = YES;
				GCC_WARN_ABOUT_RETURN_TYPE = YES_ERROR;
				GCC_WARN_UNDECLARED_SELECTOR = YES;
				GCC_WARN_UNINITIALIZED_AUTOS = YES_AGGRESSIVE;
				GCC_WARN_UNUSED_FUNCTION = YES;
				GCC_WARN_UNUSED_VARIABLE = YES;
				LOCALIZATION_PREFERS_STRING_CATALOGS = YES;
				MTL_ENABLE_DEBUG_INFO = NO;
				MTL_FAST_MATH = YES;
				SWIFT_COMPILATION_MODE = wholemodule;
			};
			name = Release;
		};
		825273222BEB16CA005A951C /* Debug */ = {
			isa = XCBuildConfiguration;
			buildSettings = {
				ASSETCATALOG_COMPILER_APPICON_NAME = AppIcon;
				ASSETCATALOG_COMPILER_GLOBAL_ACCENT_COLOR_NAME = AccentColor;
				CODE_SIGN_ENTITLEMENTS = Shufflag/Shufflag.entitlements;
				CODE_SIGN_STYLE = Automatic;
				CURRENT_PROJECT_VERSION = 1;
				DEVELOPMENT_ASSET_PATHS = "\"Shufflag/Preview Content\"";
				DEVELOPMENT_TEAM = J2LJ8D4C93;
				ENABLE_HARDENED_RUNTIME = YES;
				ENABLE_PREVIEWS = YES;
				GENERATE_INFOPLIST_FILE = YES;
				"INFOPLIST_KEY_UIApplicationSceneManifest_Generation[sdk=iphoneos*]" = YES;
				"INFOPLIST_KEY_UIApplicationSceneManifest_Generation[sdk=iphonesimulator*]" = YES;
				"INFOPLIST_KEY_UIApplicationSupportsIndirectInputEvents[sdk=iphoneos*]" = YES;
				"INFOPLIST_KEY_UIApplicationSupportsIndirectInputEvents[sdk=iphonesimulator*]" = YES;
				"INFOPLIST_KEY_UILaunchScreen_Generation[sdk=iphoneos*]" = YES;
				"INFOPLIST_KEY_UILaunchScreen_Generation[sdk=iphonesimulator*]" = YES;
				"INFOPLIST_KEY_UIStatusBarStyle[sdk=iphoneos*]" = UIStatusBarStyleDefault;
				"INFOPLIST_KEY_UIStatusBarStyle[sdk=iphonesimulator*]" = UIStatusBarStyleDefault;
				INFOPLIST_KEY_UISupportedInterfaceOrientations_iPad = "UIInterfaceOrientationPortrait UIInterfaceOrientationPortraitUpsideDown UIInterfaceOrientationLandscapeLeft UIInterfaceOrientationLandscapeRight";
				INFOPLIST_KEY_UISupportedInterfaceOrientations_iPhone = "UIInterfaceOrientationPortrait UIInterfaceOrientationLandscapeLeft UIInterfaceOrientationLandscapeRight";
				IPHONEOS_DEPLOYMENT_TARGET = 17.4;
				LD_RUNPATH_SEARCH_PATHS = "@executable_path/Frameworks";
				"LD_RUNPATH_SEARCH_PATHS[sdk=macosx*]" = "@executable_path/../Frameworks";
				MACOSX_DEPLOYMENT_TARGET = 14.4;
				MARKETING_VERSION = 1.0;
				PRODUCT_BUNDLE_IDENTIFIER = AGJP.Shufflag;
				PRODUCT_NAME = "$(TARGET_NAME)";
				SDKROOT = auto;
				SUPPORTED_PLATFORMS = "iphoneos iphonesimulator macosx";
				SWIFT_EMIT_LOC_STRINGS = YES;
				SWIFT_VERSION = 5.0;
				TARGETED_DEVICE_FAMILY = "1,2";
			};
			name = Debug;
		};
		825273232BEB16CA005A951C /* Release */ = {
			isa = XCBuildConfiguration;
			buildSettings = {
				ASSETCATALOG_COMPILER_APPICON_NAME = AppIcon;
				ASSETCATALOG_COMPILER_GLOBAL_ACCENT_COLOR_NAME = AccentColor;
				CODE_SIGN_ENTITLEMENTS = Shufflag/Shufflag.entitlements;
				CODE_SIGN_STYLE = Automatic;
				CURRENT_PROJECT_VERSION = 1;
				DEVELOPMENT_ASSET_PATHS = "\"Shufflag/Preview Content\"";
				DEVELOPMENT_TEAM = J2LJ8D4C93;
				ENABLE_HARDENED_RUNTIME = YES;
				ENABLE_PREVIEWS = YES;
				GENERATE_INFOPLIST_FILE = YES;
				"INFOPLIST_KEY_UIApplicationSceneManifest_Generation[sdk=iphoneos*]" = YES;
				"INFOPLIST_KEY_UIApplicationSceneManifest_Generation[sdk=iphonesimulator*]" = YES;
				"INFOPLIST_KEY_UIApplicationSupportsIndirectInputEvents[sdk=iphoneos*]" = YES;
				"INFOPLIST_KEY_UIApplicationSupportsIndirectInputEvents[sdk=iphonesimulator*]" = YES;
				"INFOPLIST_KEY_UILaunchScreen_Generation[sdk=iphoneos*]" = YES;
				"INFOPLIST_KEY_UILaunchScreen_Generation[sdk=iphonesimulator*]" = YES;
				"INFOPLIST_KEY_UIStatusBarStyle[sdk=iphoneos*]" = UIStatusBarStyleDefault;
				"INFOPLIST_KEY_UIStatusBarStyle[sdk=iphonesimulator*]" = UIStatusBarStyleDefault;
				INFOPLIST_KEY_UISupportedInterfaceOrientations_iPad = "UIInterfaceOrientationPortrait UIInterfaceOrientationPortraitUpsideDown UIInterfaceOrientationLandscapeLeft UIInterfaceOrientationLandscapeRight";
				INFOPLIST_KEY_UISupportedInterfaceOrientations_iPhone = "UIInterfaceOrientationPortrait UIInterfaceOrientationLandscapeLeft UIInterfaceOrientationLandscapeRight";
				IPHONEOS_DEPLOYMENT_TARGET = 17.4;
				LD_RUNPATH_SEARCH_PATHS = "@executable_path/Frameworks";
				"LD_RUNPATH_SEARCH_PATHS[sdk=macosx*]" = "@executable_path/../Frameworks";
				MACOSX_DEPLOYMENT_TARGET = 14.4;
				MARKETING_VERSION = 1.0;
				PRODUCT_BUNDLE_IDENTIFIER = AGJP.Shufflag;
				PRODUCT_NAME = "$(TARGET_NAME)";
				SDKROOT = auto;
				SUPPORTED_PLATFORMS = "iphoneos iphonesimulator macosx";
				SWIFT_EMIT_LOC_STRINGS = YES;
				SWIFT_VERSION = 5.0;
				TARGETED_DEVICE_FAMILY = "1,2";
			};
			name = Release;
		};
/* End XCBuildConfiguration section */

/* Begin XCConfigurationList section */
		8252730D2BEB16C5005A951C /* Build configuration list for PBXProject "Shufflag" */ = {
			isa = XCConfigurationList;
			buildConfigurations = (
				8252731F2BEB16CA005A951C /* Debug */,
				825273202BEB16CA005A951C /* Release */,
			);
			defaultConfigurationIsVisible = 0;
			defaultConfigurationName = Release;
		};
		825273212BEB16CA005A951C /* Build configuration list for PBXNativeTarget "Shufflag" */ = {
			isa = XCConfigurationList;
			buildConfigurations = (
				825273222BEB16CA005A951C /* Debug */,
				825273232BEB16CA005A951C /* Release */,
			);
			defaultConfigurationIsVisible = 0;
			defaultConfigurationName = Release;
		};
/* End XCConfigurationList section */
	};
	rootObject = 8252730A2BEB16C5005A951C /* Project object */;
}
